
Microsoft Visual Studio Solution File, Format Version 12.00
# Visual Studio 15
VisualStudioVersion = 15.0.27130.2020
MinimumVisualStudioVersion = 10.0.40219.1
Project("{9A19103F-16F7-4668-BE54-9A1E7A4F7556}") = "NuciXNA.Input", "NuciXNA.Input\NuciXNA.Input.csproj", "{135F1B72-5CF1-4275-BF1C-B282533F67C9}"
EndProject
Project("{FAE04EC0-301F-11D3-BF4B-00C04F79EFBC}") = "NuciXNA.Input.UnitTests", "NuciXNA.Input.UnitTests\NuciXNA.Input.UnitTests.csproj", "{E41EB081-B543-4F1D-82E3-C1EFD6606AFB}"
EndProject
Global
	GlobalSection(SolutionConfigurationPlatforms) = preSolution
		Debug|Any CPU = Debug|Any CPU
		Release|Any CPU = Release|Any CPU
	EndGlobalSection
	GlobalSection(ProjectConfigurationPlatforms) = postSolution
		{135F1B72-5CF1-4275-BF1C-B282533F67C9}.Debug|Any CPU.ActiveCfg = Debug|Any CPU
		{135F1B72-5CF1-4275-BF1C-B282533F67C9}.Debug|Any CPU.Build.0 = Debug|Any CPU
		{135F1B72-5CF1-4275-BF1C-B282533F67C9}.Release|Any CPU.ActiveCfg = Release|Any CPU
		{135F1B72-5CF1-4275-BF1C-B282533F67C9}.Release|Any CPU.Build.0 = Release|Any CPU
		{E41EB081-B543-4F1D-82E3-C1EFD6606AFB}.Debug|Any CPU.ActiveCfg = Debug|Any CPU
		{E41EB081-B543-4F1D-82E3-C1EFD6606AFB}.Debug|Any CPU.Build.0 = Debug|Any CPU
		{E41EB081-B543-4F1D-82E3-C1EFD6606AFB}.Release|Any CPU.ActiveCfg = Release|Any CPU
		{E41EB081-B543-4F1D-82E3-C1EFD6606AFB}.Release|Any CPU.Build.0 = Release|Any CPU
	EndGlobalSection
	GlobalSection(SolutionProperties) = preSolution
		HideSolutionNode = FALSE
	EndGlobalSection
EndGlobal
